
Microsoft Visual Studio Solution File, Format Version 12.00
# Visual Studio Version 17
VisualStudioVersion = 17.2.32602.215
MinimumVisualStudioVersion = 10.0.40219.1
Project("{FAE04EC0-301F-11D3-BF4B-00C04F79EFBC}") = "Tetris-Server", "Tetris-Server\Tetris-Server.csproj", "{433068B8-A837-4746-B58F-4BA3DD439859}"
EndProject
Global
	GlobalSection(SolutionConfigurationPlatforms) = preSolution
		Debug|Any CPU = Debug|Any CPU
		Release|Any CPU = Release|Any CPU
	EndGlobalSection
	GlobalSection(ProjectConfigurationPlatforms) = postSolution
		{433068B8-A837-4746-B58F-4BA3DD439859}.Debug|Any CPU.ActiveCfg = Debug|Any CPU
		{433068B8-A837-4746-B58F-4BA3DD439859}.Debug|Any CPU.Build.0 = Debug|Any CPU
		{433068B8-A837-4746-B58F-4BA3DD439859}.Release|Any CPU.ActiveCfg = Release|Any CPU
		{433068B8-A837-4746-B58F-4BA3DD439859}.Release|Any CPU.Build.0 = Release|Any CPU
	EndGlobalSection
	GlobalSection(SolutionProperties) = preSolution
		HideSolutionNode = FALSE
	EndGlobalSection
	GlobalSection(ExtensibilityGlobals) = postSolution
		SolutionGuid = {D5AB4B56-8053-4997-9B1B-BFFE98EAF06E}
	EndGlobalSection
EndGlobal
